
Microsoft Visual Studio Solution File, Format Version 12.00
# Visual Studio Version 17
VisualStudioVersion = 17.4.33213.308
MinimumVisualStudioVersion = 10.0.40219.1
Project("{9A19103F-16F7-4668-BE54-9A1E7A4F7556}") = "Training-and-diet-backend", "Training-and-diet-backend\Training-and-diet-backend.csproj", "{C7E75444-3243-4A6C-8E97-20FC96A1745C}"
EndProject
Project("{FAE04EC0-301F-11D3-BF4B-00C04F79EFBC}") = "Training-and-diet-backend.Tests", "Training-and-diet-backend.Tests\Training-and-diet-backend.Tests.csproj", "{FBFDEEBF-8ACA-43EF-A7B4-B4F69CBBEE67}"
EndProject
Global
	GlobalSection(SolutionConfigurationPlatforms) = preSolution
		Debug|Any CPU = Debug|Any CPU
		Release|Any CPU = Release|Any CPU
	EndGlobalSection
	GlobalSection(ProjectConfigurationPlatforms) = postSolution
		{C7E75444-3243-4A6C-8E97-20FC96A1745C}.Debug|Any CPU.ActiveCfg = Debug|Any CPU
		{C7E75444-3243-4A6C-8E97-20FC96A1745C}.Debug|Any CPU.Build.0 = Debug|Any CPU
		{C7E75444-3243-4A6C-8E97-20FC96A1745C}.Release|Any CPU.ActiveCfg = Release|Any CPU
		{C7E75444-3243-4A6C-8E97-20FC96A1745C}.Release|Any CPU.Build.0 = Release|Any CPU
		{FBFDEEBF-8ACA-43EF-A7B4-B4F69CBBEE67}.Debug|Any CPU.ActiveCfg = Debug|Any CPU
		{FBFDEEBF-8ACA-43EF-A7B4-B4F69CBBEE67}.Debug|Any CPU.Build.0 = Debug|Any CPU
		{FBFDEEBF-8ACA-43EF-A7B4-B4F69CBBEE67}.Release|Any CPU.ActiveCfg = Release|Any CPU
		{FBFDEEBF-8ACA-43EF-A7B4-B4F69CBBEE67}.Release|Any CPU.Build.0 = Release|Any CPU
	EndGlobalSection
	GlobalSection(SolutionProperties) = preSolution
		HideSolutionNode = FALSE
	EndGlobalSection
	GlobalSection(ExtensibilityGlobals) = postSolution
		SolutionGuid = {DF7AF900-3127-4983-A4B7-D19C6223954B}
	EndGlobalSection
EndGlobal
